// !$*UTF8*$!
{
	archiveVersion = 1;
	classes = {
	};
	objectVersion = 46;
	objects = {

/* Begin PBXBuildFile section */
		1D3623260D0F684500981E51 /* XBlipAppDelegate.m in Sources */ = {isa = PBXBuildFile; fileRef = 1D3623250D0F684500981E51 /* XBlipAppDelegate.m */; };
		1D60589B0D05DD56006BFB54 /* main.m in Sources */ = {isa = PBXBuildFile; fileRef = 29B97316FDCFA39411CA2CEA /* main.m */; };
		1D60589F0D05DD5A006BFB54 /* Foundation.framework in Frameworks */ = {isa = PBXBuildFile; fileRef = 1D30AB110D05D00D00671497 /* Foundation.framework */; };
		1DF5F4E00D08C38300B7A737 /* UIKit.framework in Frameworks */ = {isa = PBXBuildFile; fileRef = 1DF5F4DF0D08C38300B7A737 /* UIKit.framework */; };
		288765A50DF7441C002DB57D /* CoreGraphics.framework in Frameworks */ = {isa = PBXBuildFile; fileRef = 288765A40DF7441C002DB57D /* CoreGraphics.framework */; };
		2899E5220DE3E06400AC0155 /* XBlipViewController.xib in Resources */ = {isa = PBXBuildFile; fileRef = 2899E5210DE3E06400AC0155 /* XBlipViewController.xib */; };
		28AD733F0D9D9553002E5188 /* MainWindow.xib in Resources */ = {isa = PBXBuildFile; fileRef = 28AD733E0D9D9553002E5188 /* MainWindow.xib */; };
		28D7ACF80DDB3853001CB0EB /* XBlipViewController.m in Sources */ = {isa = PBXBuildFile; fileRef = 28D7ACF70DDB3853001CB0EB /* XBlipViewController.m */; };
		5828530F0F76CBC1003559EE /* LoginDialogController.m in Sources */ = {isa = PBXBuildFile; fileRef = 5828530E0F76CBC1003559EE /* LoginDialogController.m */; };
		582853110F76CC12003559EE /* LoginDialog.xib in Resources */ = {isa = PBXBuildFile; fileRef = 582853100F76CC12003559EE /* LoginDialog.xib */; };
		584587040FAD996D00832C66 /* MIT-LICENSE.txt in Resources */ = {isa = PBXBuildFile; fileRef = 584587030FAD996D00832C66 /* MIT-LICENSE.txt */; };
		588ED0650F8D17E300BCE1FA /* MessageCell.xib in Resources */ = {isa = PBXBuildFile; fileRef = 588ED0640F8D17E300BCE1FA /* MessageCell.xib */; };
		588ED0690F8D1E7500BCE1FA /* MessageCell.m in Sources */ = {isa = PBXBuildFile; fileRef = 588ED0680F8D1E7500BCE1FA /* MessageCell.m */; };
		58E1968B0F99E54E001530BA /* Utils.m in Sources */ = {isa = PBXBuildFile; fileRef = 58E1968A0F99E54E001530BA /* Utils.m */; };
		58E65FDE1110E6E9006AC2C7 /* OBConnector.m in Sources */ = {isa = PBXBuildFile; fileRef = 58E65FC41110E6E9006AC2C7 /* OBConnector.m */; };
		58E65FDF1110E6E9006AC2C7 /* OBMessage.m in Sources */ = {isa = PBXBuildFile; fileRef = 58E65FC61110E6E9006AC2C7 /* OBMessage.m */; };
		58E65FE01110E6E9006AC2C7 /* OBRequest.m in Sources */ = {isa = PBXBuildFile; fileRef = 58E65FC81110E6E9006AC2C7 /* OBRequest.m */; };
		58E65FE21110E6E9006AC2C7 /* OBUtils.m in Sources */ = {isa = PBXBuildFile; fileRef = 58E65FCC1110E6E9006AC2C7 /* OBUtils.m */; };
		58E65FE41110E6E9006AC2C7 /* NSArray+BSJSONAdditions.m in Sources */ = {isa = PBXBuildFile; fileRef = 58E65FD31110E6E9006AC2C7 /* NSArray+BSJSONAdditions.m */; };
		58E65FE51110E6E9006AC2C7 /* NSDictionary+BSJSONAdditions.m in Sources */ = {isa = PBXBuildFile; fileRef = 58E65FD51110E6E9006AC2C7 /* NSDictionary+BSJSONAdditions.m */; };
		58E65FE61110E6E9006AC2C7 /* NSScanner+BSJSONAdditions.m in Sources */ = {isa = PBXBuildFile; fileRef = 58E65FD71110E6E9006AC2C7 /* NSScanner+BSJSONAdditions.m */; };
		58E65FE71110E6E9006AC2C7 /* NSString+BSJSONAdditions.m in Sources */ = {isa = PBXBuildFile; fileRef = 58E65FD91110E6E9006AC2C7 /* NSString+BSJSONAdditions.m */; };
		58E65FED1110E73D006AC2C7 /* BSJSONEncoder.m in Sources */ = {isa = PBXBuildFile; fileRef = 58E65FEC1110E73D006AC2C7 /* BSJSONEncoder.m */; };
		58E660011110E806006AC2C7 /* README.markdown in Resources */ = {isa = PBXBuildFile; fileRef = 58E660001110E806006AC2C7 /* README.markdown */; };
		58E660561110EBD7006AC2C7 /* ASIAuthenticationDialog.m in Sources */ = {isa = PBXBuildFile; fileRef = 58E660481110EBD7006AC2C7 /* ASIAuthenticationDialog.m */; };
		58E660571110EBD7006AC2C7 /* ASIFormDataRequest.m in Sources */ = {isa = PBXBuildFile; fileRef = 58E6604A1110EBD7006AC2C7 /* ASIFormDataRequest.m */; };
		58E660581110EBD7006AC2C7 /* ASIHTTPRequest.m in Sources */ = {isa = PBXBuildFile; fileRef = 58E6604C1110EBD7006AC2C7 /* ASIHTTPRequest.m */; };
		58E660591110EBD7006AC2C7 /* ASIInputStream.m in Sources */ = {isa = PBXBuildFile; fileRef = 58E6604F1110EBD7006AC2C7 /* ASIInputStream.m */; };
		58E6605A1110EBD7006AC2C7 /* ASINetworkQueue.m in Sources */ = {isa = PBXBuildFile; fileRef = 58E660511110EBD7006AC2C7 /* ASINetworkQueue.m */; };
		58E6605B1110EBD7006AC2C7 /* ASINSStringAdditions.m in Sources */ = {isa = PBXBuildFile; fileRef = 58E660531110EBD7006AC2C7 /* ASINSStringAdditions.m */; };
		58E6605C1110EBD7006AC2C7 /* Reachability.m in Sources */ = {isa = PBXBuildFile; fileRef = 58E660551110EBD7006AC2C7 /* Reachability.m */; };
		58E660621110EBE7006AC2C7 /* SystemConfiguration.framework in Frameworks */ = {isa = PBXBuildFile; fileRef = 58E660611110EBE7006AC2C7 /* SystemConfiguration.framework */; };
		58E660641110EBF4006AC2C7 /* libz.1.2.3.dylib in Frameworks */ = {isa = PBXBuildFile; fileRef = 58E660631110EBF4006AC2C7 /* libz.1.2.3.dylib */; };
		58E660661110EC07006AC2C7 /* CFNetwork.framework in Frameworks */ = {isa = PBXBuildFile; fileRef = 58E660651110EC07006AC2C7 /* CFNetwork.framework */; };
/* End PBXBuildFile section */

/* Begin PBXFileReference section */
		1D30AB110D05D00D00671497 /* Foundation.framework */ = {isa = PBXFileReference; lastKnownFileType = wrapper.framework; name = Foundation.framework; path = System/Library/Frameworks/Foundation.framework; sourceTree = SDKROOT; };
		1D3623240D0F684500981E51 /* XBlipAppDelegate.h */ = {isa = PBXFileReference; fileEncoding = 4; lastKnownFileType = sourcecode.c.h; path = XBlipAppDelegate.h; sourceTree = "<group>"; };
		1D3623250D0F684500981E51 /* XBlipAppDelegate.m */ = {isa = PBXFileReference; fileEncoding = 4; lastKnownFileType = sourcecode.c.objc; path = XBlipAppDelegate.m; sourceTree = "<group>"; };
		1D6058910D05DD3D006BFB54 /* xBlip.app */ = {isa = PBXFileReference; explicitFileType = wrapper.application; includeInIndex = 0; path = xBlip.app; sourceTree = BUILT_PRODUCTS_DIR; };
		1DF5F4DF0D08C38300B7A737 /* UIKit.framework */ = {isa = PBXFileReference; lastKnownFileType = wrapper.framework; name = UIKit.framework; path = System/Library/Frameworks/UIKit.framework; sourceTree = SDKROOT; };
		288765A40DF7441C002DB57D /* CoreGraphics.framework */ = {isa = PBXFileReference; lastKnownFileType = wrapper.framework; name = CoreGraphics.framework; path = System/Library/Frameworks/CoreGraphics.framework; sourceTree = SDKROOT; };
		2899E5210DE3E06400AC0155 /* XBlipViewController.xib */ = {isa = PBXFileReference; lastKnownFileType = file.xib; path = XBlipViewController.xib; sourceTree = "<group>"; };
		28AD733E0D9D9553002E5188 /* MainWindow.xib */ = {isa = PBXFileReference; lastKnownFileType = file.xib; path = MainWindow.xib; sourceTree = "<group>"; };
		28D7ACF60DDB3853001CB0EB /* XBlipViewController.h */ = {isa = PBXFileReference; fileEncoding = 4; lastKnownFileType = sourcecode.c.h; path = XBlipViewController.h; sourceTree = "<group>"; };
		28D7ACF70DDB3853001CB0EB /* XBlipViewController.m */ = {isa = PBXFileReference; fileEncoding = 4; lastKnownFileType = sourcecode.c.objc; path = XBlipViewController.m; sourceTree = "<group>"; };
		29B97316FDCFA39411CA2CEA /* main.m */ = {isa = PBXFileReference; fileEncoding = 4; lastKnownFileType = sourcecode.c.objc; path = main.m; sourceTree = "<group>"; };
		32CA4F630368D1EE00C91783 /* XBlip_Prefix.pch */ = {isa = PBXFileReference; fileEncoding = 4; lastKnownFileType = sourcecode.c.h; path = XBlip_Prefix.pch; sourceTree = "<group>"; };
		5828530D0F76CBC1003559EE /* LoginDialogController.h */ = {isa = PBXFileReference; fileEncoding = 4; lastKnownFileType = sourcecode.c.h; path = LoginDialogController.h; sourceTree = "<group>"; };
		5828530E0F76CBC1003559EE /* LoginDialogController.m */ = {isa = PBXFileReference; fileEncoding = 4; lastKnownFileType = sourcecode.c.objc; path = LoginDialogController.m; sourceTree = "<group>"; };
		582853100F76CC12003559EE /* LoginDialog.xib */ = {isa = PBXFileReference; lastKnownFileType = file.xib; path = LoginDialog.xib; sourceTree = "<group>"; };
		584587030FAD996D00832C66 /* MIT-LICENSE.txt */ = {isa = PBXFileReference; fileEncoding = 4; lastKnownFileType = text; path = "MIT-LICENSE.txt"; sourceTree = "<group>"; };
		588ED0640F8D17E300BCE1FA /* MessageCell.xib */ = {isa = PBXFileReference; lastKnownFileType = file.xib; path = MessageCell.xib; sourceTree = "<group>"; };
		588ED0670F8D1E7500BCE1FA /* MessageCell.h */ = {isa = PBXFileReference; fileEncoding = 4; lastKnownFileType = sourcecode.c.h; path = MessageCell.h; sourceTree = "<group>"; };
		588ED0680F8D1E7500BCE1FA /* MessageCell.m */ = {isa = PBXFileReference; fileEncoding = 4; lastKnownFileType = sourcecode.c.objc; path = MessageCell.m; sourceTree = "<group>"; };
		58E196890F99E54E001530BA /* Utils.h */ = {isa = PBXFileReference; fileEncoding = 4; lastKnownFileType = sourcecode.c.h; path = Utils.h; sourceTree = "<group>"; };
		58E1968A0F99E54E001530BA /* Utils.m */ = {isa = PBXFileReference; fileEncoding = 4; lastKnownFileType = sourcecode.c.objc; path = Utils.m; sourceTree = "<group>"; };
		58E65FC31110E6E9006AC2C7 /* OBConnector.h */ = {isa = PBXFileReference; fileEncoding = 4; lastKnownFileType = sourcecode.c.h; path = OBConnector.h; sourceTree = "<group>"; };
		58E65FC41110E6E9006AC2C7 /* OBConnector.m */ = {isa = PBXFileReference; fileEncoding = 4; lastKnownFileType = sourcecode.c.objc; path = OBConnector.m; sourceTree = "<group>"; };
		58E65FC51110E6E9006AC2C7 /* OBMessage.h */ = {isa = PBXFileReference; fileEncoding = 4; lastKnownFileType = sourcecode.c.h; path = OBMessage.h; sourceTree = "<group>"; };
		58E65FC61110E6E9006AC2C7 /* OBMessage.m */ = {isa = PBXFileReference; fileEncoding = 4; lastKnownFileType = sourcecode.c.objc; path = OBMessage.m; sourceTree = "<group>"; };
		58E65FC71110E6E9006AC2C7 /* OBRequest.h */ = {isa = PBXFileReference; fileEncoding = 4; lastKnownFileType = sourcecode.c.h; path = OBRequest.h; sourceTree = "<group>"; };
		58E65FC81110E6E9006AC2C7 /* OBRequest.m */ = {isa = PBXFileReference; fileEncoding = 4; lastKnownFileType = sourcecode.c.objc; path = OBRequest.m; sourceTree = "<group>"; };
		58E65FCB1110E6E9006AC2C7 /* OBUtils.h */ = {isa = PBXFileReference; fileEncoding = 4; lastKnownFileType = sourcecode.c.h; path = OBUtils.h; sourceTree = "<group>"; };
		58E65FCC1110E6E9006AC2C7 /* OBUtils.m */ = {isa = PBXFileReference; fileEncoding = 4; lastKnownFileType = sourcecode.c.objc; path = OBUtils.m; sourceTree = "<group>"; };
		58E65FCD1110E6E9006AC2C7 /* Constants.h */ = {isa = PBXFileReference; fileEncoding = 4; lastKnownFileType = sourcecode.c.h; path = Constants.h; sourceTree = "<group>"; };
		58E65FD21110E6E9006AC2C7 /* NSArray+BSJSONAdditions.h */ = {isa = PBXFileReference; fileEncoding = 4; lastKnownFileType = sourcecode.c.h; path = "NSArray+BSJSONAdditions.h"; sourceTree = "<group>"; };
		58E65FD31110E6E9006AC2C7 /* NSArray+BSJSONAdditions.m */ = {isa = PBXFileReference; fileEncoding = 4; lastKnownFileType = sourcecode.c.objc; path = "NSArray+BSJSONAdditions.m"; sourceTree = "<group>"; };
		58E65FD41110E6E9006AC2C7 /* NSDictionary+BSJSONAdditions.h */ = {isa = PBXFileReference; fileEncoding = 4; lastKnownFileType = sourcecode.c.h; path = "NSDictionary+BSJSONAdditions.h"; sourceTree = "<group>"; };
		58E65FD51110E6E9006AC2C7 /* NSDictionary+BSJSONAdditions.m */ = {isa = PBXFileReference; fileEncoding = 4; lastKnownFileType = sourcecode.c.objc; path = "NSDictionary+BSJSONAdditions.m"; sourceTree = "<group>"; };
		58E65FD61110E6E9006AC2C7 /* NSScanner+BSJSONAdditions.h */ = {isa = PBXFileReference; fileEncoding = 4; lastKnownFileType = sourcecode.c.h; path = "NSScanner+BSJSONAdditions.h"; sourceTree = "<group>"; };
		58E65FD71110E6E9006AC2C7 /* NSScanner+BSJSONAdditions.m */ = {isa = PBXFileReference; fileEncoding = 4; lastKnownFileType = sourcecode.c.objc; path = "NSScanner+BSJSONAdditions.m"; sourceTree = "<group>"; };
		58E65FD81110E6E9006AC2C7 /* NSString+BSJSONAdditions.h */ = {isa = PBXFileReference; fileEncoding = 4; lastKnownFileType = sourcecode.c.h; path = "NSString+BSJSONAdditions.h"; sourceTree = "<group>"; };
		58E65FD91110E6E9006AC2C7 /* NSString+BSJSONAdditions.m */ = {isa = PBXFileReference; fileEncoding = 4; lastKnownFileType = sourcecode.c.objc; path = "NSString+BSJSONAdditions.m"; sourceTree = "<group>"; };
		58E65FEB1110E73D006AC2C7 /* BSJSONEncoder.h */ = {isa = PBXFileReference; fileEncoding = 4; lastKnownFileType = sourcecode.c.h; path = BSJSONEncoder.h; sourceTree = "<group>"; };
		58E65FEC1110E73D006AC2C7 /* BSJSONEncoder.m */ = {isa = PBXFileReference; fileEncoding = 4; lastKnownFileType = sourcecode.c.objc; path = BSJSONEncoder.m; sourceTree = "<group>"; };
		58E660001110E806006AC2C7 /* README.markdown */ = {isa = PBXFileReference; fileEncoding = 4; lastKnownFileType = text; path = README.markdown; sourceTree = "<group>"; };
		58E660471110EBD7006AC2C7 /* ASIAuthenticationDialog.h */ = {isa = PBXFileReference; fileEncoding = 4; lastKnownFileType = sourcecode.c.h; path = ASIAuthenticationDialog.h; sourceTree = "<group>"; };
		58E660481110EBD7006AC2C7 /* ASIAuthenticationDialog.m */ = {isa = PBXFileReference; fileEncoding = 4; lastKnownFileType = sourcecode.c.objc; path = ASIAuthenticationDialog.m; sourceTree = "<group>"; };
		58E660491110EBD7006AC2C7 /* ASIFormDataRequest.h */ = {isa = PBXFileReference; fileEncoding = 4; lastKnownFileType = sourcecode.c.h; path = ASIFormDataRequest.h; sourceTree = "<group>"; };
		58E6604A1110EBD7006AC2C7 /* ASIFormDataRequest.m */ = {isa = PBXFileReference; fileEncoding = 4; lastKnownFileType = sourcecode.c.objc; path = ASIFormDataRequest.m; sourceTree = "<group>"; };
		58E6604B1110EBD7006AC2C7 /* ASIHTTPRequest.h */ = {isa = PBXFileReference; fileEncoding = 4; lastKnownFileType = sourcecode.c.h; path = ASIHTTPRequest.h; sourceTree = "<group>"; };
		58E6604C1110EBD7006AC2C7 /* ASIHTTPRequest.m */ = {isa = PBXFileReference; fileEncoding = 4; lastKnownFileType = sourcecode.c.objc; path = ASIHTTPRequest.m; sourceTree = "<group>"; };
		58E6604D1110EBD7006AC2C7 /* ASIHTTPRequestConfig.h */ = {isa = PBXFileReference; fileEncoding = 4; lastKnownFileType = sourcecode.c.h; path = ASIHTTPRequestConfig.h; sourceTree = "<group>"; };
		58E6604E1110EBD7006AC2C7 /* ASIInputStream.h */ = {isa = PBXFileReference; fileEncoding = 4; lastKnownFileType = sourcecode.c.h; path = ASIInputStream.h; sourceTree = "<group>"; };
		58E6604F1110EBD7006AC2C7 /* ASIInputStream.m */ = {isa = PBXFileReference; fileEncoding = 4; lastKnownFileType = sourcecode.c.objc; path = ASIInputStream.m; sourceTree = "<group>"; };
		58E660501110EBD7006AC2C7 /* ASINetworkQueue.h */ = {isa = PBXFileReference; fileEncoding = 4; lastKnownFileType = sourcecode.c.h; path = ASINetworkQueue.h; sourceTree = "<group>"; };
		58E660511110EBD7006AC2C7 /* ASINetworkQueue.m */ = {isa = PBXFileReference; fileEncoding = 4; lastKnownFileType = sourcecode.c.objc; path = ASINetworkQueue.m; sourceTree = "<group>"; };
		58E660521110EBD7006AC2C7 /* ASINSStringAdditions.h */ = {isa = PBXFileReference; fileEncoding = 4; lastKnownFileType = sourcecode.c.h; path = ASINSStringAdditions.h; sourceTree = "<group>"; };
		58E660531110EBD7006AC2C7 /* ASINSStringAdditions.m */ = {isa = PBXFileReference; fileEncoding = 4; lastKnownFileType = sourcecode.c.objc; path = ASINSStringAdditions.m; sourceTree = "<group>"; };
		58E660541110EBD7006AC2C7 /* Reachability.h */ = {isa = PBXFileReference; fileEncoding = 4; lastKnownFileType = sourcecode.c.h; path = Reachability.h; sourceTree = "<group>"; };
		58E660551110EBD7006AC2C7 /* Reachability.m */ = {isa = PBXFileReference; fileEncoding = 4; lastKnownFileType = sourcecode.c.objc; path = Reachability.m; sourceTree = "<group>"; };
		58E660611110EBE7006AC2C7 /* SystemConfiguration.framework */ = {isa = PBXFileReference; lastKnownFileType = wrapper.framework; name = SystemConfiguration.framework; path = System/Library/Frameworks/SystemConfiguration.framework; sourceTree = SDKROOT; };
		58E660631110EBF4006AC2C7 /* libz.1.2.3.dylib */ = {isa = PBXFileReference; lastKnownFileType = "compiled.mach-o.dylib"; name = libz.1.2.3.dylib; path = usr/lib/libz.1.2.3.dylib; sourceTree = SDKROOT; };
		58E660651110EC07006AC2C7 /* CFNetwork.framework */ = {isa = PBXFileReference; lastKnownFileType = wrapper.framework; name = CFNetwork.framework; path = System/Library/Frameworks/CFNetwork.framework; sourceTree = SDKROOT; };
		8D1107310486CEB800E47090 /* Info.plist */ = {isa = PBXFileReference; fileEncoding = 4; lastKnownFileType = text.plist.xml; path = Info.plist; sourceTree = "<group>"; };
/* End PBXFileReference section */

/* Begin PBXFrameworksBuildPhase section */
		1D60588F0D05DD3D006BFB54 /* Frameworks */ = {
			isa = PBXFrameworksBuildPhase;
			buildActionMask = 2147483647;
			files = (
				1D60589F0D05DD5A006BFB54 /* Foundation.framework in Frameworks */,
				1DF5F4E00D08C38300B7A737 /* UIKit.framework in Frameworks */,
				288765A50DF7441C002DB57D /* CoreGraphics.framework in Frameworks */,
				58E660621110EBE7006AC2C7 /* SystemConfiguration.framework in Frameworks */,
				58E660641110EBF4006AC2C7 /* libz.1.2.3.dylib in Frameworks */,
				58E660661110EC07006AC2C7 /* CFNetwork.framework in Frameworks */,
			);
			runOnlyForDeploymentPostprocessing = 0;
		};
/* End PBXFrameworksBuildPhase section */

/* Begin PBXGroup section */
		080E96DDFE201D6D7F000001 /* Classes */ = {
			isa = PBXGroup;
			children = (
				1D3623240D0F684500981E51 /* XBlipAppDelegate.h */,
				1D3623250D0F684500981E51 /* XBlipAppDelegate.m */,
				28D7ACF60DDB3853001CB0EB /* XBlipViewController.h */,
				28D7ACF70DDB3853001CB0EB /* XBlipViewController.m */,
				5828530D0F76CBC1003559EE /* LoginDialogController.h */,
				5828530E0F76CBC1003559EE /* LoginDialogController.m */,
				588ED0670F8D1E7500BCE1FA /* MessageCell.h */,
				588ED0680F8D1E7500BCE1FA /* MessageCell.m */,
				58E196890F99E54E001530BA /* Utils.h */,
				58E1968A0F99E54E001530BA /* Utils.m */,
			);
			path = Classes;
			sourceTree = "<group>";
		};
		19C28FACFE9D520D11CA2CBB /* Products */ = {
			isa = PBXGroup;
			children = (
				1D6058910D05DD3D006BFB54 /* xBlip.app */,
			);
			name = Products;
			sourceTree = "<group>";
		};
		29B97314FDCFA39411CA2CEA /* CustomTemplate */ = {
			isa = PBXGroup;
			children = (
				58E65FC11110E6C1006AC2C7 /* ObjectiveBlip */,
				080E96DDFE201D6D7F000001 /* Classes */,
				29B97315FDCFA39411CA2CEA /* Other Sources */,
				29B97317FDCFA39411CA2CEA /* Resources */,
				29B97323FDCFA39411CA2CEA /* Frameworks */,
				19C28FACFE9D520D11CA2CBB /* Products */,
				58E660611110EBE7006AC2C7 /* SystemConfiguration.framework */,
				58E660631110EBF4006AC2C7 /* libz.1.2.3.dylib */,
				58E660651110EC07006AC2C7 /* CFNetwork.framework */,
			);
			name = CustomTemplate;
			sourceTree = "<group>";
		};
		29B97315FDCFA39411CA2CEA /* Other Sources */ = {
			isa = PBXGroup;
			children = (
				32CA4F630368D1EE00C91783 /* XBlip_Prefix.pch */,
				29B97316FDCFA39411CA2CEA /* main.m */,
			);
			name = "Other Sources";
			sourceTree = "<group>";
		};
		29B97317FDCFA39411CA2CEA /* Resources */ = {
			isa = PBXGroup;
			children = (
				58E660001110E806006AC2C7 /* README.markdown */,
				584587030FAD996D00832C66 /* MIT-LICENSE.txt */,
				2899E5210DE3E06400AC0155 /* XBlipViewController.xib */,
				28AD733E0D9D9553002E5188 /* MainWindow.xib */,
				8D1107310486CEB800E47090 /* Info.plist */,
				582853100F76CC12003559EE /* LoginDialog.xib */,
				588ED0640F8D17E300BCE1FA /* MessageCell.xib */,
			);
			name = Resources;
			sourceTree = "<group>";
		};
		29B97323FDCFA39411CA2CEA /* Frameworks */ = {
			isa = PBXGroup;
			children = (
				1DF5F4DF0D08C38300B7A737 /* UIKit.framework */,
				1D30AB110D05D00D00671497 /* Foundation.framework */,
				288765A40DF7441C002DB57D /* CoreGraphics.framework */,
			);
			name = Frameworks;
			sourceTree = "<group>";
		};
		58E65FC11110E6C1006AC2C7 /* ObjectiveBlip */ = {
			isa = PBXGroup;
			children = (
				58E65FC21110E6E9006AC2C7 /* Classes */,
				58E65FCD1110E6E9006AC2C7 /* Constants.h */,
				58E65FCE1110E6E9006AC2C7 /* Lib */,
			);
			path = ObjectiveBlip;
			sourceTree = "<group>";
		};
		58E65FC21110E6E9006AC2C7 /* Classes */ = {
			isa = PBXGroup;
			children = (
				58E65FC31110E6E9006AC2C7 /* OBConnector.h */,
				58E65FC41110E6E9006AC2C7 /* OBConnector.m */,
				58E65FC51110E6E9006AC2C7 /* OBMessage.h */,
				58E65FC61110E6E9006AC2C7 /* OBMessage.m */,
				58E65FC71110E6E9006AC2C7 /* OBRequest.h */,
				58E65FC81110E6E9006AC2C7 /* OBRequest.m */,
				58E65FCB1110E6E9006AC2C7 /* OBUtils.h */,
				58E65FCC1110E6E9006AC2C7 /* OBUtils.m */,
			);
			path = Classes;
			sourceTree = "<group>";
		};
		58E65FCE1110E6E9006AC2C7 /* Lib */ = {
			isa = PBXGroup;
			children = (
				58E660461110EBD7006AC2C7 /* ASIHTTPRequest */,
				58E65FCF1110E6E9006AC2C7 /* BSJSONAdditions */,
			);
			path = Lib;
			sourceTree = "<group>";
		};
		58E65FCF1110E6E9006AC2C7 /* BSJSONAdditions */ = {
			isa = PBXGroup;
			children = (
				58E65FEB1110E73D006AC2C7 /* BSJSONEncoder.h */,
				58E65FEC1110E73D006AC2C7 /* BSJSONEncoder.m */,
				58E65FD21110E6E9006AC2C7 /* NSArray+BSJSONAdditions.h */,
				58E65FD31110E6E9006AC2C7 /* NSArray+BSJSONAdditions.m */,
				58E65FD41110E6E9006AC2C7 /* NSDictionary+BSJSONAdditions.h */,
				58E65FD51110E6E9006AC2C7 /* NSDictionary+BSJSONAdditions.m */,
				58E65FD61110E6E9006AC2C7 /* NSScanner+BSJSONAdditions.h */,
				58E65FD71110E6E9006AC2C7 /* NSScanner+BSJSONAdditions.m */,
				58E65FD81110E6E9006AC2C7 /* NSString+BSJSONAdditions.h */,
				58E65FD91110E6E9006AC2C7 /* NSString+BSJSONAdditions.m */,
			);
			path = BSJSONAdditions;
			sourceTree = "<group>";
		};
		58E660461110EBD7006AC2C7 /* ASIHTTPRequest */ = {
			isa = PBXGroup;
			children = (
				58E660471110EBD7006AC2C7 /* ASIAuthenticationDialog.h */,
				58E660481110EBD7006AC2C7 /* ASIAuthenticationDialog.m */,
				58E660491110EBD7006AC2C7 /* ASIFormDataRequest.h */,
				58E6604A1110EBD7006AC2C7 /* ASIFormDataRequest.m */,
				58E6604B1110EBD7006AC2C7 /* ASIHTTPRequest.h */,
				58E6604C1110EBD7006AC2C7 /* ASIHTTPRequest.m */,
				58E6604D1110EBD7006AC2C7 /* ASIHTTPRequestConfig.h */,
				58E6604E1110EBD7006AC2C7 /* ASIInputStream.h */,
				58E6604F1110EBD7006AC2C7 /* ASIInputStream.m */,
				58E660501110EBD7006AC2C7 /* ASINetworkQueue.h */,
				58E660511110EBD7006AC2C7 /* ASINetworkQueue.m */,
				58E660521110EBD7006AC2C7 /* ASINSStringAdditions.h */,
				58E660531110EBD7006AC2C7 /* ASINSStringAdditions.m */,
				58E660541110EBD7006AC2C7 /* Reachability.h */,
				58E660551110EBD7006AC2C7 /* Reachability.m */,
			);
			path = ASIHTTPRequest;
			sourceTree = "<group>";
		};
/* End PBXGroup section */

/* Begin PBXNativeTarget section */
		1D6058900D05DD3D006BFB54 /* XBlip */ = {
			isa = PBXNativeTarget;
			buildConfigurationList = 1D6058960D05DD3E006BFB54 /* Build configuration list for PBXNativeTarget "XBlip" */;
			buildPhases = (
				1D60588D0D05DD3D006BFB54 /* Resources */,
				1D60588E0D05DD3D006BFB54 /* Sources */,
				1D60588F0D05DD3D006BFB54 /* Frameworks */,
			);
			buildRules = (
			);
			dependencies = (
			);
			name = XBlip;
			productName = XBlip;
			productReference = 1D6058910D05DD3D006BFB54 /* xBlip.app */;
			productType = "com.apple.product-type.application";
		};
/* End PBXNativeTarget section */

/* Begin PBXProject section */
		29B97313FDCFA39411CA2CEA /* Project object */ = {
			isa = PBXProject;
			buildConfigurationList = C01FCF4E08A954540054247B /* Build configuration list for PBXProject "XBlip" */;
			compatibilityVersion = "Xcode 3.2";
			hasScannedForEncodings = 1;
			mainGroup = 29B97314FDCFA39411CA2CEA /* CustomTemplate */;
			projectDirPath = "";
			projectRoot = "";
			targets = (
				1D6058900D05DD3D006BFB54 /* XBlip */,
			);
		};
/* End PBXProject section */

/* Begin PBXResourcesBuildPhase section */
		1D60588D0D05DD3D006BFB54 /* Resources */ = {
			isa = PBXResourcesBuildPhase;
			buildActionMask = 2147483647;
			files = (
				28AD733F0D9D9553002E5188 /* MainWindow.xib in Resources */,
				2899E5220DE3E06400AC0155 /* XBlipViewController.xib in Resources */,
				582853110F76CC12003559EE /* LoginDialog.xib in Resources */,
				588ED0650F8D17E300BCE1FA /* MessageCell.xib in Resources */,
				584587040FAD996D00832C66 /* MIT-LICENSE.txt in Resources */,
				58E660011110E806006AC2C7 /* README.markdown in Resources */,
			);
			runOnlyForDeploymentPostprocessing = 0;
		};
/* End PBXResourcesBuildPhase section */

/* Begin PBXSourcesBuildPhase section */
		1D60588E0D05DD3D006BFB54 /* Sources */ = {
			isa = PBXSourcesBuildPhase;
			buildActionMask = 2147483647;
			files = (
				1D60589B0D05DD56006BFB54 /* main.m in Sources */,
				1D3623260D0F684500981E51 /* XBlipAppDelegate.m in Sources */,
				28D7ACF80DDB3853001CB0EB /* XBlipViewController.m in Sources */,
				5828530F0F76CBC1003559EE /* LoginDialogController.m in Sources */,
				588ED0690F8D1E7500BCE1FA /* MessageCell.m in Sources */,
				58E1968B0F99E54E001530BA /* Utils.m in Sources */,
				58E65FDE1110E6E9006AC2C7 /* OBConnector.m in Sources */,
				58E65FDF1110E6E9006AC2C7 /* OBMessage.m in Sources */,
				58E65FE01110E6E9006AC2C7 /* OBRequest.m in Sources */,
				58E65FE21110E6E9006AC2C7 /* OBUtils.m in Sources */,
				58E65FE41110E6E9006AC2C7 /* NSArray+BSJSONAdditions.m in Sources */,
				58E65FE51110E6E9006AC2C7 /* NSDictionary+BSJSONAdditions.m in Sources */,
				58E65FE61110E6E9006AC2C7 /* NSScanner+BSJSONAdditions.m in Sources */,
				58E65FE71110E6E9006AC2C7 /* NSString+BSJSONAdditions.m in Sources */,
				58E65FED1110E73D006AC2C7 /* BSJSONEncoder.m in Sources */,
				58E660561110EBD7006AC2C7 /* ASIAuthenticationDialog.m in Sources */,
				58E660571110EBD7006AC2C7 /* ASIFormDataRequest.m in Sources */,
				58E660581110EBD7006AC2C7 /* ASIHTTPRequest.m in Sources */,
				58E660591110EBD7006AC2C7 /* ASIInputStream.m in Sources */,
				58E6605A1110EBD7006AC2C7 /* ASINetworkQueue.m in Sources */,
				58E6605B1110EBD7006AC2C7 /* ASINSStringAdditions.m in Sources */,
				58E6605C1110EBD7006AC2C7 /* Reachability.m in Sources */,
			);
			runOnlyForDeploymentPostprocessing = 0;
		};
/* End PBXSourcesBuildPhase section */

/* Begin XCBuildConfiguration section */
		1D6058940D05DD3E006BFB54 /* Debug */ = {
			isa = XCBuildConfiguration;
			buildSettings = {
				ALWAYS_SEARCH_USER_PATHS = NO;
				COPY_PHASE_STRIP = NO;
				GCC_DYNAMIC_NO_PIC = NO;
				GCC_OPTIMIZATION_LEVEL = 0;
				GCC_PRECOMPILE_PREFIX_HEADER = YES;
				GCC_PREFIX_HEADER = XBlip_Prefix.pch;
				GCC_TREAT_WARNINGS_AS_ERRORS = YES;
				INFOPLIST_FILE = Info.plist;
				PRODUCT_NAME = xBlip;
				SDKROOT = iphoneos3.0;
			};
			name = Debug;
		};
		1D6058950D05DD3E006BFB54 /* Release */ = {
			isa = XCBuildConfiguration;
			buildSettings = {
				ALWAYS_SEARCH_USER_PATHS = NO;
				COPY_PHASE_STRIP = YES;
				GCC_PRECOMPILE_PREFIX_HEADER = YES;
				GCC_PREFIX_HEADER = XBlip_Prefix.pch;
				GCC_TREAT_WARNINGS_AS_ERRORS = YES;
				INFOPLIST_FILE = Info.plist;
				PRODUCT_NAME = xBlip;
				SDKROOT = iphoneos3.0;
			};
			name = Release;
		};
		C01FCF4F08A954540054247B /* Debug */ = {
			isa = XCBuildConfiguration;
			buildSettings = {
				ARCHS = "$(ARCHS_STANDARD_32_BIT)";
				"CODE_SIGN_IDENTITY[sdk=iphoneos*]" = "iPhone Developer";
				GCC_C_LANGUAGE_STANDARD = c99;
				GCC_WARN_ABOUT_RETURN_TYPE = YES;
				GCC_WARN_UNUSED_VARIABLE = YES;
				ONLY_ACTIVE_ARCH = YES;
				PREBINDING = NO;
				SDKROOT = iphoneos3.0;
			};
			name = Debug;
		};
		C01FCF5008A954540054247B /* Release */ = {
			isa = XCBuildConfiguration;
			buildSettings = {
				ARCHS = "$(ARCHS_STANDARD_32_BIT)";
				"CODE_SIGN_IDENTITY[sdk=iphoneos*]" = "iPhone Developer";
				GCC_C_LANGUAGE_STANDARD = c99;
				GCC_WARN_ABOUT_RETURN_TYPE = YES;
				GCC_WARN_UNUSED_VARIABLE = YES;
				PREBINDING = NO;
				SDKROOT = iphoneos3.0;
			};
			name = Release;
		};
/* End XCBuildConfiguration section */

/* Begin XCConfigurationList section */
		1D6058960D05DD3E006BFB54 /* Build configuration list for PBXNativeTarget "XBlip" */ = {
			isa = XCConfigurationList;
			buildConfigurations = (
				1D6058940D05DD3E006BFB54 /* Debug */,
				1D6058950D05DD3E006BFB54 /* Release */,
			);
			defaultConfigurationIsVisible = 0;
			defaultConfigurationName = Release;
		};
		C01FCF4E08A954540054247B /* Build configuration list for PBXProject "XBlip" */ = {
			isa = XCConfigurationList;
			buildConfigurations = (
				C01FCF4F08A954540054247B /* Debug */,
				C01FCF5008A954540054247B /* Release */,
			);
			defaultConfigurationIsVisible = 0;
			defaultConfigurationName = Release;
		};
/* End XCConfigurationList section */
	};
	rootObject = 29B97313FDCFA39411CA2CEA /* Project object */;
}
